
Microsoft Visual Studio Solution File, Format Version 12.00
# Visual Studio Version 17
VisualStudioVersion = 17.13.35913.81
MinimumVisualStudioVersion = 10.0.40219.1
Project("{FAE04EC0-301F-11D3-BF4B-00C04F79EFBC}") = "RIT.WebApi", "src\RIT.WebApi\RIT.WebApi.csproj", "{568EA638-77A6-4300-A7A2-EEC8B94E134C}"
EndProject
Project("{FAE04EC0-301F-11D3-BF4B-00C04F79EFBC}") = "RIT.Contracts", "src\RIT.Contracts\RIT.Contracts.csproj", "{11622A0D-5FB8-4335-8F08-904D5EA9CBC4}"
EndProject
Project("{FAE04EC0-301F-11D3-BF4B-00C04F79EFBC}") = "RIT.Database", "src\RIT.Database\RIT.Database.csproj", "{77EAB8DF-91D1-4E40-89B8-AD20F9270CFA}"
EndProject
Project("{FAE04EC0-301F-11D3-BF4B-00C04F79EFBC}") = "RIT.Infrastructure", "src\RIT.Infrastructure\RIT.Infrastructure.csproj", "{2082A1A5-8C14-45A5-BBDE-3CB9F2A2F4EA}"
EndProject
Project("{54A90642-561A-4BB1-A94E-469ADEE60C69}") = "rit.webapp", "src\rit.webapp\rit.webapp.esproj", "{7CE8349C-D482-F31E-D428-6D65695C301B}"
EndProject
Global
	GlobalSection(SolutionConfigurationPlatforms) = preSolution
		Debug|Any CPU = Debug|Any CPU
		Release|Any CPU = Release|Any CPU
	EndGlobalSection
	GlobalSection(ProjectConfigurationPlatforms) = postSolution
		{568EA638-77A6-4300-A7A2-EEC8B94E134C}.Debug|Any CPU.ActiveCfg = Debug|Any CPU
		{568EA638-77A6-4300-A7A2-EEC8B94E134C}.Debug|Any CPU.Build.0 = Debug|Any CPU
		{568EA638-77A6-4300-A7A2-EEC8B94E134C}.Release|Any CPU.ActiveCfg = Release|Any CPU
		{568EA638-77A6-4300-A7A2-EEC8B94E134C}.Release|Any CPU.Build.0 = Release|Any CPU
		{11622A0D-5FB8-4335-8F08-904D5EA9CBC4}.Debug|Any CPU.ActiveCfg = Debug|Any CPU
		{11622A0D-5FB8-4335-8F08-904D5EA9CBC4}.Debug|Any CPU.Build.0 = Debug|Any CPU
		{11622A0D-5FB8-4335-8F08-904D5EA9CBC4}.Release|Any CPU.ActiveCfg = Release|Any CPU
		{11622A0D-5FB8-4335-8F08-904D5EA9CBC4}.Release|Any CPU.Build.0 = Release|Any CPU
		{77EAB8DF-91D1-4E40-89B8-AD20F9270CFA}.Debug|Any CPU.ActiveCfg = Debug|Any CPU
		{77EAB8DF-91D1-4E40-89B8-AD20F9270CFA}.Debug|Any CPU.Build.0 = Debug|Any CPU
		{77EAB8DF-91D1-4E40-89B8-AD20F9270CFA}.Release|Any CPU.ActiveCfg = Release|Any CPU
		{77EAB8DF-91D1-4E40-89B8-AD20F9270CFA}.Release|Any CPU.Build.0 = Release|Any CPU
		{2082A1A5-8C14-45A5-BBDE-3CB9F2A2F4EA}.Debug|Any CPU.ActiveCfg = Debug|Any CPU
		{2082A1A5-8C14-45A5-BBDE-3CB9F2A2F4EA}.Debug|Any CPU.Build.0 = Debug|Any CPU
		{2082A1A5-8C14-45A5-BBDE-3CB9F2A2F4EA}.Release|Any CPU.ActiveCfg = Release|Any CPU
		{2082A1A5-8C14-45A5-BBDE-3CB9F2A2F4EA}.Release|Any CPU.Build.0 = Release|Any CPU
		{7CE8349C-D482-F31E-D428-6D65695C301B}.Debug|Any CPU.ActiveCfg = Debug|Any CPU
		{7CE8349C-D482-F31E-D428-6D65695C301B}.Debug|Any CPU.Build.0 = Debug|Any CPU
		{7CE8349C-D482-F31E-D428-6D65695C301B}.Debug|Any CPU.Deploy.0 = Debug|Any CPU
		{7CE8349C-D482-F31E-D428-6D65695C301B}.Release|Any CPU.ActiveCfg = Release|Any CPU
		{7CE8349C-D482-F31E-D428-6D65695C301B}.Release|Any CPU.Build.0 = Release|Any CPU
		{7CE8349C-D482-F31E-D428-6D65695C301B}.Release|Any CPU.Deploy.0 = Release|Any CPU
	EndGlobalSection
	GlobalSection(SolutionProperties) = preSolution
		HideSolutionNode = FALSE
	EndGlobalSection
	GlobalSection(ExtensibilityGlobals) = postSolution
		SolutionGuid = {B4C5AF1B-C1D1-43EF-8754-D3EA09FF65F9}
	EndGlobalSection
EndGlobal
